<?xml version="1.0" encoding="utf-8"?>
<Project ToolsVersion="4.0" xmlns="http://schemas.microsoft.com/developer/msbuild/2003">
  <ItemGroup>
    <Filter Include="app">
      <UniqueIdentifier>{897743f3-9b51-46cb-9c34-5e42b31a2c2e}</UniqueIdentifier>
    </Filter>
    <Filter Include="GameEngine">
      <UniqueIdentifier>{1fcccf6d-c5aa-4db4-bb0d-89774617aaf4}</UniqueIdentifier>
    </Filter>
    <Filter Include="GameEngine\WindowsSytems">
      <UniqueIdentifier>{231ef512-9e23-4d3b-86a3-81d9d51bf024}</UniqueIdentifier>
    </Filter>
    <Filter Include="GameEngine\GraphicsEngine">
      <UniqueIdentifier>{317c0f56-8900-4f32-b4c4-9d21bd7a419b}</UniqueIdentifier>
    </Filter>
    <Filter Include="GameEngine\GraphicsEngine\SwapChain">
      <UniqueIdentifier>{2d64135b-e598-4b41-b4ce-4b9ba77e44a9}</UniqueIdentifier>
    </Filter>
    <Filter Include="GameEngine\GraphicsEngine\DeviceContext">
      <UniqueIdentifier>{0a32b29e-b958-4644-9747-6a1eef5f50e4}</UniqueIdentifier>
    </Filter>
    <Filter Include="GameEngine\GraphicsEngine\VertexBuffer">
      <UniqueIdentifier>{a9e62e97-8de1-4270-bebb-35c24d985d6a}</UniqueIdentifier>
    </Filter>
    <Filter Include="GameEngine\GraphicsEngine\VertexShader">
      <UniqueIdentifier>{339ae2ef-a7b2-4703-8080-60173cfa939e}</UniqueIdentifier>
    </Filter>
    <Filter Include="GameEngine\GraphicsEngine\PixelShader">
      <UniqueIdentifier>{586f7797-ca2f-4984-bc50-6c7369f0a498}</UniqueIdentifier>
    </Filter>
    <Filter Include="GameEngine\GraphicsEngine\ConstantBuffer">
      <UniqueIdentifier>{1e8c211f-0fc9-41cd-bbd9-a4aa546e2c18}</UniqueIdentifier>
    </Filter>
    <Filter Include="GameEngine\SoundClass">
      <UniqueIdentifier>{23c2be8b-ac96-4142-9805-7c422a7f7fe2}</UniqueIdentifier>
    </Filter>
    <Filter Include="GameEngine\Time">
      <UniqueIdentifier>{b044a0ec-c554-4bd3-9f93-7a6539fff9f3}</UniqueIdentifier>
    </Filter>
    <Filter Include="GameEngine\GraphicsEngine\Quad">
      <UniqueIdentifier>{9d4e08ce-1228-479c-aec8-f373f8472060}</UniqueIdentifier>
    </Filter>
    <Filter Include="GameEngine\Math">
      <UniqueIdentifier>{eb66c600-b5a5-4d8c-9769-dc4dbc39e147}</UniqueIdentifier>
    </Filter>
    <Filter Include="GameEngine\GraphicsEngine\IndexBuffer">
      <UniqueIdentifier>{b874a094-db96-4b67-9cb1-1277eeb4c22a}</UniqueIdentifier>
    </Filter>
    <Filter Include="GameEngine\GraphicsEngine\AGameObject">
      <UniqueIdentifier>{b3575f5c-965e-48e1-9601-0941bd080985}</UniqueIdentifier>
    </Filter>
    <Filter Include="GameEngine\GraphicsEngine\Cube">
      <UniqueIdentifier>{6dd4c31c-f98c-4284-abf6-baa3f934bef2}</UniqueIdentifier>
    </Filter>
    <Filter Include="GameEngine\GraphicsEngine\Input System">
      <UniqueIdentifier>{2f437fa1-775d-49d0-8824-6078999d9ba5}</UniqueIdentifier>
    </Filter>
    <Filter Include="GameEngine\Camera">
      <UniqueIdentifier>{4a70e678-d95c-4782-8c02-96a8ffe3d186}</UniqueIdentifier>
    </Filter>
    <Filter Include="GameEngine\SceneCameraHandler">
      <UniqueIdentifier>{03ef2c2b-3dad-4b2a-8ad9-cb214063d5ae}</UniqueIdentifier>
    </Filter>
    <Filter Include="GameEngine\plane">
      <UniqueIdentifier>{39b27fd1-bcf2-4707-99e0-04fafd55b1ac}</UniqueIdentifier>
    </Filter>
    <Filter Include="GameEngine\GraphicsEngine\ImGui">
      <UniqueIdentifier>{73de6fe0-13e4-470d-b4c4-1cd3ecffb0fa}</UniqueIdentifier>
    </Filter>
    <Filter Include="GameEngine\UI">
      <UniqueIdentifier>{5e4c6d81-e688-447e-a211-47a19d261299}</UniqueIdentifier>
    </Filter>
    <Filter Include="GameEngine\UI\InspectorScreen">
      <UniqueIdentifier>{f6eeb414-4537-46fb-992c-d822f4457bff}</UniqueIdentifier>
    </Filter>
    <Filter Include="GameEngine\UI\MenuScreen">
      <UniqueIdentifier>{34c143dd-1dcd-48ef-8e16-819bb8db17c0}</UniqueIdentifier>
    </Filter>
    <Filter Include="GameEngine\UI\AUIScreen">
      <UniqueIdentifier>{5c56e12d-f9eb-45fa-b0be-09a0af7d7a47}</UniqueIdentifier>
    </Filter>
    <Filter Include="GameEngine\UI\ProfilerScreen">
      <UniqueIdentifier>{48e5754e-75dc-44bf-88a1-521156f137d9}</UniqueIdentifier>
    </Filter>
    <Filter Include="GameEngine\UI\UIManager">
      <UniqueIdentifier>{624c9f68-5ae4-484e-b93e-a2067ef07b10}</UniqueIdentifier>
    </Filter>
    <Filter Include="GameEngine\UI\HierarchyScreen">
      <UniqueIdentifier>{6a65c3fe-e659-4c80-9056-1c99bfefef2b}</UniqueIdentifier>
    </Filter>
    <Filter Include="GameEngine\UI\CreditsScreen">
      <UniqueIdentifier>{854e2433-d293-4fa8-a514-50a657c96ccb}</UniqueIdentifier>
    </Filter>
    <Filter Include="GameEngine\UI\ColorPicker">
      <UniqueIdentifier>{c9055ffd-866e-4867-8515-2f21c4e9c1d0}</UniqueIdentifier>
    </Filter>
  </ItemGroup>
  <ItemGroup>
    <ClCompile Include="main.cpp">
      <Filter>app</Filter>
    </ClCompile>
    <ClCompile Include="AppWindow.cpp">
      <Filter>app</Filter>
    </ClCompile>
    <ClCompile Include="window.cpp">
      <Filter>GameEngine\WindowsSytems</Filter>
    </ClCompile>
    <ClCompile Include="GraphicsEngine.cpp">
      <Filter>GameEngine\GraphicsEngine</Filter>
    </ClCompile>
    <ClCompile Include="SwapChain.cpp">
      <Filter>GameEngine\GraphicsEngine\SwapChain</Filter>
    </ClCompile>
    <ClCompile Include="DeviceContext.cpp">
      <Filter>GameEngine\GraphicsEngine\DeviceContext</Filter>
    </ClCompile>
    <ClCompile Include="VertexBuffer.cpp">
      <Filter>GameEngine\GraphicsEngine\VertexBuffer</Filter>
    </ClCompile>
    <ClCompile Include="VertexShader.cpp">
      <Filter>GameEngine\GraphicsEngine\VertexShader</Filter>
    </ClCompile>
    <ClCompile Include="PixelShader.cpp">
      <Filter>GameEngine\GraphicsEngine\PixelShader</Filter>
    </ClCompile>
    <ClCompile Include="ConstantBuffer.cpp">
      <Filter>GameEngine\GraphicsEngine\ConstantBuffer</Filter>
    </ClCompile>
    <ClCompile Include="SoundClass.cpp">
      <Filter>GameEngine\SoundClass</Filter>
    </ClCompile>
    <ClCompile Include="EngineTIme.cpp">
      <Filter>GameEngine\Time</Filter>
    </ClCompile>
    <ClCompile Include="Quad.cpp">
      <Filter>GameEngine\GraphicsEngine\Quad</Filter>
    </ClCompile>
    <ClCompile Include="IndexBuffer.cpp">
      <Filter>GameEngine\GraphicsEngine\IndexBuffer</Filter>
    </ClCompile>
    <ClCompile Include="AGameObject.cpp">
      <Filter>GameEngine\GraphicsEngine\AGameObject</Filter>
    </ClCompile>
    <ClCompile Include="Cube.cpp">
      <Filter>GameEngine\GraphicsEngine\Cube</Filter>
    </ClCompile>
    <ClCompile Include="InputSystem.cpp">
      <Filter>GameEngine\GraphicsEngine\Input System</Filter>
    </ClCompile>
    <ClCompile Include="Camera.cpp">
      <Filter>GameEngine\Camera</Filter>
    </ClCompile>
    <ClCompile Include="SceneCameraHandler.cpp">
      <Filter>GameEngine\SceneCameraHandler</Filter>
    </ClCompile>
    <ClCompile Include="Plane.cpp">
      <Filter>GameEngine\plane</Filter>
    </ClCompile>
    <ClCompile Include="imGUI\imgui.cpp">
      <Filter>GameEngine\GraphicsEngine\ImGui</Filter>
    </ClCompile>
    <ClCompile Include="imGUI\imgui_draw.cpp">
      <Filter>GameEngine\GraphicsEngine\ImGui</Filter>
    </ClCompile>
    <ClCompile Include="imGUI\imgui_impl_dx11.cpp">
      <Filter>GameEngine\GraphicsEngine\ImGui</Filter>
    </ClCompile>
    <ClCompile Include="imGUI\imgui_impl_win32.cpp">
      <Filter>GameEngine\GraphicsEngine\ImGui</Filter>
    </ClCompile>
    <ClCompile Include="imGUI\imgui_tables.cpp">
      <Filter>GameEngine\GraphicsEngine\ImGui</Filter>
    </ClCompile>
    <ClCompile Include="imGUI\imgui_widgets.cpp">
      <Filter>GameEngine\GraphicsEngine\ImGui</Filter>
    </ClCompile>
    <ClCompile Include="UIManager.cpp">
      <Filter>GameEngine\UI\UIManager</Filter>
    </ClCompile>
    <ClCompile Include="AUIScreen.cpp">
      <Filter>GameEngine\UI\AUIScreen</Filter>
    </ClCompile>
    <ClCompile Include="ProfilerScreen.cpp">
      <Filter>GameEngine\UI\ProfilerScreen</Filter>
    </ClCompile>
    <ClCompile Include="MenuScreen.cpp">
      <Filter>GameEngine\UI\MenuScreen</Filter>
    </ClCompile>
    <ClCompile Include="HierarchyScreen.cpp">
      <Filter>GameEngine\UI\HierarchyScreen</Filter>
    </ClCompile>
    <ClCompile Include="InspectorScreen.cpp">
      <Filter>GameEngine\UI\InspectorScreen</Filter>
    </ClCompile>
    <ClCompile Include="CreditsScreen.cpp">
      <Filter>GameEngine\UI\CreditsScreen</Filter>
    </ClCompile>
    <ClCompile Include="ColorPicker.cpp" />
  </ItemGroup>
  <ItemGroup>
    <ClInclude Include="AppWindow.h">
      <Filter>app</Filter>
    </ClInclude>
    <ClInclude Include="window.h">
      <Filter>GameEngine\WindowsSytems</Filter>
    </ClInclude>
    <ClInclude Include="GraphicsEngine.h">
      <Filter>GameEngine\GraphicsEngine</Filter>
    </ClInclude>
    <ClInclude Include="SwapChain.h">
      <Filter>GameEngine\GraphicsEngine\SwapChain</Filter>
    </ClInclude>
    <ClInclude Include="DeviceContext.h">
      <Filter>GameEngine\GraphicsEngine\DeviceContext</Filter>
    </ClInclude>
    <ClInclude Include="VertexBuffer.h">
      <Filter>GameEngine\GraphicsEngine\VertexBuffer</Filter>
    </ClInclude>
    <ClInclude Include="VertexShader.h">
      <Filter>GameEngine\GraphicsEngine\VertexShader</Filter>
    </ClInclude>
    <ClInclude Include="PixelShader.h">
      <Filter>GameEngine\GraphicsEngine\PixelShader</Filter>
    </ClInclude>
    <ClInclude Include="ConstantBuffer.h">
      <Filter>GameEngine\GraphicsEngine\ConstantBuffer</Filter>
    </ClInclude>
    <ClInclude Include="SoundClass.h">
      <Filter>GameEngine\SoundClass</Filter>
    </ClInclude>
    <ClInclude Include="EngineTIme.h">
      <Filter>GameEngine\Time</Filter>
    </ClInclude>
    <ClInclude Include="Quad.h">
      <Filter>GameEngine\GraphicsEngine\Quad</Filter>
    </ClInclude>
    <ClInclude Include="Matrix4x4.h">
      <Filter>GameEngine\Math</Filter>
    </ClInclude>
    <ClInclude Include="Vector3D.h">
      <Filter>GameEngine\Math</Filter>
    </ClInclude>
    <ClInclude Include="IndexBuffer.h">
      <Filter>GameEngine\GraphicsEngine\IndexBuffer</Filter>
    </ClInclude>
    <ClInclude Include="AGameObject.h">
      <Filter>GameEngine\GraphicsEngine\AGameObject</Filter>
    </ClInclude>
    <ClInclude Include="Cube.h">
      <Filter>GameEngine\GraphicsEngine\Cube</Filter>
    </ClInclude>
    <ClInclude Include="InputSystem.h">
      <Filter>GameEngine\GraphicsEngine\Input System</Filter>
    </ClInclude>
    <ClInclude Include="InputListener.h">
      <Filter>GameEngine\GraphicsEngine\Input System</Filter>
    </ClInclude>
    <ClInclude Include="Point.h">
      <Filter>GameEngine\Math</Filter>
    </ClInclude>
    <ClInclude Include="Vector4D.h">
      <Filter>GameEngine\Math</Filter>
    </ClInclude>
    <ClInclude Include="Camera.h">
      <Filter>GameEngine\Camera</Filter>
    </ClInclude>
    <ClInclude Include="SceneCameraHandler.h">
      <Filter>GameEngine\SceneCameraHandler</Filter>
    </ClInclude>
    <ClInclude Include="Plane.h">
      <Filter>GameEngine\plane</Filter>
    </ClInclude>
    <ClInclude Include="imGUI\imconfig.h">
      <Filter>GameEngine\GraphicsEngine\ImGui</Filter>
    </ClInclude>
    <ClInclude Include="imGUI\imgui.h">
      <Filter>GameEngine\GraphicsEngine\ImGui</Filter>
    </ClInclude>
    <ClInclude Include="imGUI\imgui_impl_dx11.h">
      <Filter>GameEngine\GraphicsEngine\ImGui</Filter>
    </ClInclude>
    <ClInclude Include="imGUI\imgui_impl_win32.h">
      <Filter>GameEngine\GraphicsEngine\ImGui</Filter>
    </ClInclude>
    <ClInclude Include="imGUI\imgui_internal.h">
      <Filter>GameEngine\GraphicsEngine\ImGui</Filter>
    </ClInclude>
    <ClInclude Include="imGUI\imstb_rectpack.h">
      <Filter>GameEngine\GraphicsEngine\ImGui</Filter>
    </ClInclude>
    <ClInclude Include="imGUI\imstb_textedit.h">
      <Filter>GameEngine\GraphicsEngine\ImGui</Filter>
    </ClInclude>
    <ClInclude Include="imGUI\imstb_truetype.h">
      <Filter>GameEngine\GraphicsEngine\ImGui</Filter>
    </ClInclude>
    <ClInclude Include="UIManager.h">
      <Filter>GameEngine\UI\UIManager</Filter>
    </ClInclude>
    <ClInclude Include="AUIScreen.h">
      <Filter>GameEngine\UI\AUIScreen</Filter>
    </ClInclude>
    <ClInclude Include="ProfilerScreen.h">
      <Filter>GameEngine\UI\ProfilerScreen</Filter>
    </ClInclude>
    <ClInclude Include="MenuScreen.h">
      <Filter>GameEngine\UI\MenuScreen</Filter>
    </ClInclude>
    <ClInclude Include="HierarchyScreen.h">
      <Filter>GameEngine\UI\HierarchyScreen</Filter>
    </ClInclude>
    <ClInclude Include="InspectorScreen.h">
      <Filter>GameEngine\UI\InspectorScreen</Filter>
    </ClInclude>
    <ClInclude Include="CreditsScreen.h">
      <Filter>GameEngine\UI\CreditsScreen</Filter>
    </ClInclude>
    <ClInclude Include="ColorPicker.h" />
  </ItemGroup>
  <ItemGroup>
    <FxCompile Include="VertexShader.hlsl">
      <Filter>app</Filter>
    </FxCompile>
    <FxCompile Include="PixelShader.hlsl">
      <Filter>app</Filter>
    </FxCompile>
  </ItemGroup>
</Project>