<?xml version="1.0" encoding="utf-8"?>
<Project ToolsVersion="4.0" xmlns="http://schemas.microsoft.com/developer/msbuild/2003">
  <ItemGroup>
    <Filter Include="app">
      <UniqueIdentifier>{897743f3-9b51-46cb-9c34-5e42b31a2c2e}</UniqueIdentifier>
    </Filter>
    <Filter Include="GameEngine">
      <UniqueIdentifier>{1fcccf6d-c5aa-4db4-bb0d-89774617aaf4}</UniqueIdentifier>
    </Filter>
    <Filter Include="GameEngine\WindowsSytems">
      <UniqueIdentifier>{231ef512-9e23-4d3b-86a3-81d9d51bf024}</UniqueIdentifier>
    </Filter>
    <Filter Include="GameEngine\GraphicsEngine">
      <UniqueIdentifier>{317c0f56-8900-4f32-b4c4-9d21bd7a419b}</UniqueIdentifier>
    </Filter>
    <Filter Include="GameEngine\GraphicsEngine\SwapChain">
      <UniqueIdentifier>{2d64135b-e598-4b41-b4ce-4b9ba77e44a9}</UniqueIdentifier>
    </Filter>
    <Filter Include="GameEngine\GraphicsEngine\DeviceContext">
      <UniqueIdentifier>{0a32b29e-b958-4644-9747-6a1eef5f50e4}</UniqueIdentifier>
    </Filter>
    <Filter Include="GameEngine\GraphicsEngine\VertexBuffer">
      <UniqueIdentifier>{a9e62e97-8de1-4270-bebb-35c24d985d6a}</UniqueIdentifier>
    </Filter>
    <Filter Include="GameEngine\GraphicsEngine\VertexShader">
      <UniqueIdentifier>{339ae2ef-a7b2-4703-8080-60173cfa939e}</UniqueIdentifier>
    </Filter>
    <Filter Include="GameEngine\GraphicsEngine\PixelShader">
      <UniqueIdentifier>{586f7797-ca2f-4984-bc50-6c7369f0a498}</UniqueIdentifier>
    </Filter>
    <Filter Include="GameEngine\GraphicsEngine\ConstantBuffer">
      <UniqueIdentifier>{1e8c211f-0fc9-41cd-bbd9-a4aa546e2c18}</UniqueIdentifier>
    </Filter>
    <Filter Include="GameEngine\SoundClass">
      <UniqueIdentifier>{23c2be8b-ac96-4142-9805-7c422a7f7fe2}</UniqueIdentifier>
    </Filter>
    <Filter Include="GameEngine\Time">
      <UniqueIdentifier>{b044a0ec-c554-4bd3-9f93-7a6539fff9f3}</UniqueIdentifier>
    </Filter>
    <Filter Include="GameEngine\GraphicsEngine\Quad">
      <UniqueIdentifier>{9d4e08ce-1228-479c-aec8-f373f8472060}</UniqueIdentifier>
    </Filter>
  </ItemGroup>
  <ItemGroup>
    <ClCompile Include="main.cpp">
      <Filter>app</Filter>
    </ClCompile>
    <ClCompile Include="AppWindow.cpp">
      <Filter>app</Filter>
    </ClCompile>
    <ClCompile Include="window.cpp">
      <Filter>GameEngine\WindowsSytems</Filter>
    </ClCompile>
    <ClCompile Include="GraphicsEngine.cpp">
      <Filter>GameEngine\GraphicsEngine</Filter>
    </ClCompile>
    <ClCompile Include="SwapChain.cpp">
      <Filter>GameEngine\GraphicsEngine\SwapChain</Filter>
    </ClCompile>
    <ClCompile Include="DeviceContext.cpp">
      <Filter>GameEngine\GraphicsEngine\DeviceContext</Filter>
    </ClCompile>
    <ClCompile Include="VertexBuffer.cpp">
      <Filter>GameEngine\GraphicsEngine\VertexBuffer</Filter>
    </ClCompile>
    <ClCompile Include="VertexShader.cpp">
      <Filter>GameEngine\GraphicsEngine\VertexShader</Filter>
    </ClCompile>
    <ClCompile Include="PixelShader.cpp">
      <Filter>GameEngine\GraphicsEngine\PixelShader</Filter>
    </ClCompile>
    <ClCompile Include="ConstantBuffer.cpp">
      <Filter>GameEngine\GraphicsEngine\ConstantBuffer</Filter>
    </ClCompile>
    <ClCompile Include="SoundClass.cpp">
      <Filter>GameEngine\SoundClass</Filter>
    </ClCompile>
    <ClCompile Include="EngineTIme.cpp">
      <Filter>GameEngine\Time</Filter>
    </ClCompile>
    <ClCompile Include="Quad.cpp">
      <Filter>GameEngine\GraphicsEngine\Quad</Filter>
    </ClCompile>
  </ItemGroup>
  <ItemGroup>
    <ClInclude Include="AppWindow.h">
      <Filter>app</Filter>
    </ClInclude>
    <ClInclude Include="window.h">
      <Filter>GameEngine\WindowsSytems</Filter>
    </ClInclude>
    <ClInclude Include="GraphicsEngine.h">
      <Filter>GameEngine\GraphicsEngine</Filter>
    </ClInclude>
    <ClInclude Include="SwapChain.h">
      <Filter>GameEngine\GraphicsEngine\SwapChain</Filter>
    </ClInclude>
    <ClInclude Include="DeviceContext.h">
      <Filter>GameEngine\GraphicsEngine\DeviceContext</Filter>
    </ClInclude>
    <ClInclude Include="VertexBuffer.h">
      <Filter>GameEngine\GraphicsEngine\VertexBuffer</Filter>
    </ClInclude>
    <ClInclude Include="VertexShader.h">
      <Filter>GameEngine\GraphicsEngine\VertexShader</Filter>
    </ClInclude>
    <ClInclude Include="PixelShader.h">
      <Filter>GameEngine\GraphicsEngine\PixelShader</Filter>
    </ClInclude>
    <ClInclude Include="ConstantBuffer.h">
      <Filter>GameEngine\GraphicsEngine\ConstantBuffer</Filter>
    </ClInclude>
    <ClInclude Include="SoundClass.h">
      <Filter>GameEngine\SoundClass</Filter>
    </ClInclude>
    <ClInclude Include="EngineTIme.h">
      <Filter>GameEngine\Time</Filter>
    </ClInclude>
    <ClInclude Include="Quad.h">
      <Filter>GameEngine\GraphicsEngine\Quad</Filter>
    </ClInclude>
  </ItemGroup>
  <ItemGroup>
    <FxCompile Include="VertexShader.hlsl">
      <Filter>app</Filter>
    </FxCompile>
    <FxCompile Include="PixelShader.hlsl">
      <Filter>app</Filter>
    </FxCompile>
  </ItemGroup>
  <ItemGroup>
    <None Include="texture.ps.ps">
      <Filter>app</Filter>
    </None>
    <None Include="texture.vs">
      <Filter>app</Filter>
    </None>
  </ItemGroup>
</Project>